
Microsoft Visual Studio Solution File, Format Version 12.00
# Visual Studio Version 17
VisualStudioVersion = 17.4.33122.133
MinimumVisualStudioVersion = 10.0.40219.1
Project("{888888A0-9F3D-457C-B088-3A5042F75D52}") = "Tingimuslik opetaaror IF", "Tingimuslik opetaaror IF.pyproj", "{D3F89A78-F3B7-4C64-BC31-B19271C27D65}"
EndProject
Global
	GlobalSection(SolutionConfigurationPlatforms) = preSolution
		Debug|Any CPU = Debug|Any CPU
		Release|Any CPU = Release|Any CPU
	EndGlobalSection
	GlobalSection(ProjectConfigurationPlatforms) = postSolution
		{D3F89A78-F3B7-4C64-BC31-B19271C27D65}.Debug|Any CPU.ActiveCfg = Debug|Any CPU
		{D3F89A78-F3B7-4C64-BC31-B19271C27D65}.Release|Any CPU.ActiveCfg = Release|Any CPU
	EndGlobalSection
	GlobalSection(SolutionProperties) = preSolution
		HideSolutionNode = FALSE
	EndGlobalSection
	GlobalSection(ExtensibilityGlobals) = postSolution
		SolutionGuid = {CD7646FD-06EA-41EB-99E0-FB7653D26979}
	EndGlobalSection
EndGlobal
